// !$*UTF8*$!
{
	archiveVersion = 1;
	classes = {
	};
	objectVersion = 50;
	objects = {

/* Begin PBXBuildFile section */
		02627AC32472079300CA0DFD /* Sudoku.swift in Sources */ = {isa = PBXBuildFile; fileRef = 02627AC22472079300CA0DFD /* Sudoku.swift */; };
		02BA4A652471817600EF331C /* AppDelegate.swift in Sources */ = {isa = PBXBuildFile; fileRef = 02BA4A642471817600EF331C /* AppDelegate.swift */; };
		02BA4A672471817600EF331C /* SceneDelegate.swift in Sources */ = {isa = PBXBuildFile; fileRef = 02BA4A662471817600EF331C /* SceneDelegate.swift */; };
		02BA4A692471817600EF331C /* ViewController.swift in Sources */ = {isa = PBXBuildFile; fileRef = 02BA4A682471817600EF331C /* ViewController.swift */; };
		02BA4A6C2471817600EF331C /* Main.storyboard in Resources */ = {isa = PBXBuildFile; fileRef = 02BA4A6A2471817600EF331C /* Main.storyboard */; };
		02BA4A6E2471817700EF331C /* Assets.xcassets in Resources */ = {isa = PBXBuildFile; fileRef = 02BA4A6D2471817700EF331C /* Assets.xcassets */; };
		02BA4A712471817700EF331C /* LaunchScreen.storyboard in Resources */ = {isa = PBXBuildFile; fileRef = 02BA4A6F2471817700EF331C /* LaunchScreen.storyboard */; };
		02BA4A7C2471817700EF331C /* SudokuSolverTests.swift in Sources */ = {isa = PBXBuildFile; fileRef = 02BA4A7B2471817700EF331C /* SudokuSolverTests.swift */; };
		02BA4A872471817700EF331C /* SudokuSolverUITests.swift in Sources */ = {isa = PBXBuildFile; fileRef = 02BA4A862471817700EF331C /* SudokuSolverUITests.swift */; };
/* End PBXBuildFile section */

/* Begin PBXContainerItemProxy section */
		02BA4A782471817700EF331C /* PBXContainerItemProxy */ = {
			isa = PBXContainerItemProxy;
			containerPortal = 02BA4A592471817600EF331C /* Project object */;
			proxyType = 1;
			remoteGlobalIDString = 02BA4A602471817600EF331C;
			remoteInfo = SudokuSolver;
		};
		02BA4A832471817700EF331C /* PBXContainerItemProxy */ = {
			isa = PBXContainerItemProxy;
			containerPortal = 02BA4A592471817600EF331C /* Project object */;
			proxyType = 1;
			remoteGlobalIDString = 02BA4A602471817600EF331C;
			remoteInfo = SudokuSolver;
		};
/* End PBXContainerItemProxy section */

/* Begin PBXFileReference section */
		02627AC22472079300CA0DFD /* Sudoku.swift */ = {isa = PBXFileReference; lastKnownFileType = sourcecode.swift; path = Sudoku.swift; sourceTree = "<group>"; };
		02BA4A612471817600EF331C /* SudokuSolver.app */ = {isa = PBXFileReference; explicitFileType = wrapper.application; includeInIndex = 0; path = SudokuSolver.app; sourceTree = BUILT_PRODUCTS_DIR; };
		02BA4A642471817600EF331C /* AppDelegate.swift */ = {isa = PBXFileReference; lastKnownFileType = sourcecode.swift; path = AppDelegate.swift; sourceTree = "<group>"; };
		02BA4A662471817600EF331C /* SceneDelegate.swift */ = {isa = PBXFileReference; lastKnownFileType = sourcecode.swift; path = SceneDelegate.swift; sourceTree = "<group>"; };
		02BA4A682471817600EF331C /* ViewController.swift */ = {isa = PBXFileReference; lastKnownFileType = sourcecode.swift; path = ViewController.swift; sourceTree = "<group>"; };
		02BA4A6B2471817600EF331C /* Base */ = {isa = PBXFileReference; lastKnownFileType = file.storyboard; name = Base; path = Base.lproj/Main.storyboard; sourceTree = "<group>"; };
		02BA4A6D2471817700EF331C /* Assets.xcassets */ = {isa = PBXFileReference; lastKnownFileType = folder.assetcatalog; path = Assets.xcassets; sourceTree = "<group>"; };
		02BA4A702471817700EF331C /* Base */ = {isa = PBXFileReference; lastKnownFileType = file.storyboard; name = Base; path = Base.lproj/LaunchScreen.storyboard; sourceTree = "<group>"; };
		02BA4A722471817700EF331C /* Info.plist */ = {isa = PBXFileReference; lastKnownFileType = text.plist.xml; path = Info.plist; sourceTree = "<group>"; };
		02BA4A772471817700EF331C /* SudokuSolverTests.xctest */ = {isa = PBXFileReference; explicitFileType = wrapper.cfbundle; includeInIndex = 0; path = SudokuSolverTests.xctest; sourceTree = BUILT_PRODUCTS_DIR; };
		02BA4A7B2471817700EF331C /* SudokuSolverTests.swift */ = {isa = PBXFileReference; lastKnownFileType = sourcecode.swift; path = SudokuSolverTests.swift; sourceTree = "<group>"; };
		02BA4A7D2471817700EF331C /* Info.plist */ = {isa = PBXFileReference; lastKnownFileType = text.plist.xml; path = Info.plist; sourceTree = "<group>"; };
		02BA4A822471817700EF331C /* SudokuSolverUITests.xctest */ = {isa = PBXFileReference; explicitFileType = wrapper.cfbundle; includeInIndex = 0; path = SudokuSolverUITests.xctest; sourceTree = BUILT_PRODUCTS_DIR; };
		02BA4A862471817700EF331C /* SudokuSolverUITests.swift */ = {isa = PBXFileReference; lastKnownFileType = sourcecode.swift; path = SudokuSolverUITests.swift; sourceTree = "<group>"; };
		02BA4A882471817700EF331C /* Info.plist */ = {isa = PBXFileReference; lastKnownFileType = text.plist.xml; path = Info.plist; sourceTree = "<group>"; };
/* End PBXFileReference section */

/* Begin PBXFrameworksBuildPhase section */
		02BA4A5E2471817600EF331C /* Frameworks */ = {
			isa = PBXFrameworksBuildPhase;
			buildActionMask = 2147483647;
			files = (
			);
			runOnlyForDeploymentPostprocessing = 0;
		};
		02BA4A742471817700EF331C /* Frameworks */ = {
			isa = PBXFrameworksBuildPhase;
			buildActionMask = 2147483647;
			files = (
			);
			runOnlyForDeploymentPostprocessing = 0;
		};
		02BA4A7F2471817700EF331C /* Frameworks */ = {
			isa = PBXFrameworksBuildPhase;
			buildActionMask = 2147483647;
			files = (
			);
			runOnlyForDeploymentPostprocessing = 0;
		};
/* End PBXFrameworksBuildPhase section */

/* Begin PBXGroup section */
		02BA4A582471817600EF331C = {
			isa = PBXGroup;
			children = (
				02BA4A632471817600EF331C /* SudokuSolver */,
				02BA4A7A2471817700EF331C /* SudokuSolverTests */,
				02BA4A852471817700EF331C /* SudokuSolverUITests */,
				02BA4A622471817600EF331C /* Products */,
			);
			sourceTree = "<group>";
		};
		02BA4A622471817600EF331C /* Products */ = {
			isa = PBXGroup;
			children = (
				02BA4A612471817600EF331C /* SudokuSolver.app */,
				02BA4A772471817700EF331C /* SudokuSolverTests.xctest */,
				02BA4A822471817700EF331C /* SudokuSolverUITests.xctest */,
			);
			name = Products;
			sourceTree = "<group>";
		};
		02BA4A632471817600EF331C /* SudokuSolver */ = {
			isa = PBXGroup;
			children = (
				02BA4A642471817600EF331C /* AppDelegate.swift */,
				02BA4A662471817600EF331C /* SceneDelegate.swift */,
				02BA4A682471817600EF331C /* ViewController.swift */,
				02BA4A6A2471817600EF331C /* Main.storyboard */,
				02BA4A6D2471817700EF331C /* Assets.xcassets */,
				02BA4A6F2471817700EF331C /* LaunchScreen.storyboard */,
				02BA4A722471817700EF331C /* Info.plist */,
				02627AC22472079300CA0DFD /* Sudoku.swift */,
			);
			path = SudokuSolver;
			sourceTree = "<group>";
		};
		02BA4A7A2471817700EF331C /* SudokuSolverTests */ = {
			isa = PBXGroup;
			children = (
				02BA4A7B2471817700EF331C /* SudokuSolverTests.swift */,
				02BA4A7D2471817700EF331C /* Info.plist */,
			);
			path = SudokuSolverTests;
			sourceTree = "<group>";
		};
		02BA4A852471817700EF331C /* SudokuSolverUITests */ = {
			isa = PBXGroup;
			children = (
				02BA4A862471817700EF331C /* SudokuSolverUITests.swift */,
				02BA4A882471817700EF331C /* Info.plist */,
			);
			path = SudokuSolverUITests;
			sourceTree = "<group>";
		};
/* End PBXGroup section */

/* Begin PBXNativeTarget section */
		02BA4A602471817600EF331C /* SudokuSolver */ = {
			isa = PBXNativeTarget;
			buildConfigurationList = 02BA4A8B2471817700EF331C /* Build configuration list for PBXNativeTarget "SudokuSolver" */;
			buildPhases = (
				02BA4A5D2471817600EF331C /* Sources */,
				02BA4A5E2471817600EF331C /* Frameworks */,
				02BA4A5F2471817600EF331C /* Resources */,
			);
			buildRules = (
			);
			dependencies = (
			);
			name = SudokuSolver;
			productName = SudokuSolver;
			productReference = 02BA4A612471817600EF331C /* SudokuSolver.app */;
			productType = "com.apple.product-type.application";
		};
		02BA4A762471817700EF331C /* SudokuSolverTests */ = {
			isa = PBXNativeTarget;
			buildConfigurationList = 02BA4A8E2471817700EF331C /* Build configuration list for PBXNativeTarget "SudokuSolverTests" */;
			buildPhases = (
				02BA4A732471817700EF331C /* Sources */,
				02BA4A742471817700EF331C /* Frameworks */,
				02BA4A752471817700EF331C /* Resources */,
			);
			buildRules = (
			);
			dependencies = (
				02BA4A792471817700EF331C /* PBXTargetDependency */,
			);
			name = SudokuSolverTests;
			productName = SudokuSolverTests;
			productReference = 02BA4A772471817700EF331C /* SudokuSolverTests.xctest */;
			productType = "com.apple.product-type.bundle.unit-test";
		};
		02BA4A812471817700EF331C /* SudokuSolverUITests */ = {
			isa = PBXNativeTarget;
			buildConfigurationList = 02BA4A912471817700EF331C /* Build configuration list for PBXNativeTarget "SudokuSolverUITests" */;
			buildPhases = (
				02BA4A7E2471817700EF331C /* Sources */,
				02BA4A7F2471817700EF331C /* Frameworks */,
				02BA4A802471817700EF331C /* Resources */,
			);
			buildRules = (
			);
			dependencies = (
				02BA4A842471817700EF331C /* PBXTargetDependency */,
			);
			name = SudokuSolverUITests;
			productName = SudokuSolverUITests;
			productReference = 02BA4A822471817700EF331C /* SudokuSolverUITests.xctest */;
			productType = "com.apple.product-type.bundle.ui-testing";
		};
/* End PBXNativeTarget section */

/* Begin PBXProject section */
		02BA4A592471817600EF331C /* Project object */ = {
			isa = PBXProject;
			attributes = {
				LastSwiftUpdateCheck = 1140;
				LastUpgradeCheck = 1140;
				ORGANIZATIONNAME = "Paul Cote";
				TargetAttributes = {
					02BA4A602471817600EF331C = {
						CreatedOnToolsVersion = 11.4.1;
					};
					02BA4A762471817700EF331C = {
						CreatedOnToolsVersion = 11.4.1;
						TestTargetID = 02BA4A602471817600EF331C;
					};
					02BA4A812471817700EF331C = {
						CreatedOnToolsVersion = 11.4.1;
						TestTargetID = 02BA4A602471817600EF331C;
					};
				};
			};
			buildConfigurationList = 02BA4A5C2471817600EF331C /* Build configuration list for PBXProject "SudokuSolver" */;
			compatibilityVersion = "Xcode 9.3";
			developmentRegion = en;
			hasScannedForEncodings = 0;
			knownRegions = (
				en,
				Base,
			);
			mainGroup = 02BA4A582471817600EF331C;
			productRefGroup = 02BA4A622471817600EF331C /* Products */;
			projectDirPath = "";
			projectRoot = "";
			targets = (
				02BA4A602471817600EF331C /* SudokuSolver */,
				02BA4A762471817700EF331C /* SudokuSolverTests */,
				02BA4A812471817700EF331C /* SudokuSolverUITests */,
			);
		};
/* End PBXProject section */

/* Begin PBXResourcesBuildPhase section */
		02BA4A5F2471817600EF331C /* Resources */ = {
			isa = PBXResourcesBuildPhase;
			buildActionMask = 2147483647;
			files = (
				02BA4A712471817700EF331C /* LaunchScreen.storyboard in Resources */,
				02BA4A6E2471817700EF331C /* Assets.xcassets in Resources */,
				02BA4A6C2471817600EF331C /* Main.storyboard in Resources */,
			);
			runOnlyForDeploymentPostprocessing = 0;
		};
		02BA4A752471817700EF331C /* Resources */ = {
			isa = PBXResourcesBuildPhase;
			buildActionMask = 2147483647;
			files = (
			);
			runOnlyForDeploymentPostprocessing = 0;
		};
		02BA4A802471817700EF331C /* Resources */ = {
			isa = PBXResourcesBuildPhase;
			buildActionMask = 2147483647;
			files = (
			);
			runOnlyForDeploymentPostprocessing = 0;
		};
/* End PBXResourcesBuildPhase section */

/* Begin PBXSourcesBuildPhase section */
		02BA4A5D2471817600EF331C /* Sources */ = {
			isa = PBXSourcesBuildPhase;
			buildActionMask = 2147483647;
			files = (
				02BA4A692471817600EF331C /* ViewController.swift in Sources */,
				02BA4A652471817600EF331C /* AppDelegate.swift in Sources */,
				02627AC32472079300CA0DFD /* Sudoku.swift in Sources */,
				02BA4A672471817600EF331C /* SceneDelegate.swift in Sources */,
			);
			runOnlyForDeploymentPostprocessing = 0;
		};
		02BA4A732471817700EF331C /* Sources */ = {
			isa = PBXSourcesBuildPhase;
			buildActionMask = 2147483647;
			files = (
				02BA4A7C2471817700EF331C /* SudokuSolverTests.swift in Sources */,
			);
			runOnlyForDeploymentPostprocessing = 0;
		};
		02BA4A7E2471817700EF331C /* Sources */ = {
			isa = PBXSourcesBuildPhase;
			buildActionMask = 2147483647;
			files = (
				02BA4A872471817700EF331C /* SudokuSolverUITests.swift in Sources */,
			);
			runOnlyForDeploymentPostprocessing = 0;
		};
/* End PBXSourcesBuildPhase section */

/* Begin PBXTargetDependency section */
		02BA4A792471817700EF331C /* PBXTargetDependency */ = {
			isa = PBXTargetDependency;
			target = 02BA4A602471817600EF331C /* SudokuSolver */;
			targetProxy = 02BA4A782471817700EF331C /* PBXContainerItemProxy */;
		};
		02BA4A842471817700EF331C /* PBXTargetDependency */ = {
			isa = PBXTargetDependency;
			target = 02BA4A602471817600EF331C /* SudokuSolver */;
			targetProxy = 02BA4A832471817700EF331C /* PBXContainerItemProxy */;
		};
/* End PBXTargetDependency section */

/* Begin PBXVariantGroup section */
		02BA4A6A2471817600EF331C /* Main.storyboard */ = {
			isa = PBXVariantGroup;
			children = (
				02BA4A6B2471817600EF331C /* Base */,
			);
			name = Main.storyboard;
			sourceTree = "<group>";
		};
		02BA4A6F2471817700EF331C /* LaunchScreen.storyboard */ = {
			isa = PBXVariantGroup;
			children = (
				02BA4A702471817700EF331C /* Base */,
			);
			name = LaunchScreen.storyboard;
			sourceTree = "<group>";
		};
/* End PBXVariantGroup section */

/* Begin XCBuildConfiguration section */
		02BA4A892471817700EF331C /* Debug */ = {
			isa = XCBuildConfiguration;
			buildSettings = {
				ALWAYS_SEARCH_USER_PATHS = NO;
				CLANG_ANALYZER_NONNULL = YES;
				CLANG_ANALYZER_NUMBER_OBJECT_CONVERSION = YES_AGGRESSIVE;
				CLANG_CXX_LANGUAGE_STANDARD = "gnu++14";
				CLANG_CXX_LIBRARY = "libc++";
				CLANG_ENABLE_MODULES = YES;
				CLANG_ENABLE_OBJC_ARC = YES;
				CLANG_ENABLE_OBJC_WEAK = YES;
				CLANG_WARN_BLOCK_CAPTURE_AUTORELEASING = YES;
				CLANG_WARN_BOOL_CONVERSION = YES;
				CLANG_WARN_COMMA = YES;
				CLANG_WARN_CONSTANT_CONVERSION = YES;
				CLANG_WARN_DEPRECATED_OBJC_IMPLEMENTATIONS = YES;
				CLANG_WARN_DIRECT_OBJC_ISA_USAGE = YES_ERROR;
				CLANG_WARN_DOCUMENTATION_COMMENTS = YES;
				CLANG_WARN_EMPTY_BODY = YES;
				CLANG_WARN_ENUM_CONVERSION = YES;
				CLANG_WARN_INFINITE_RECURSION = YES;
				CLANG_WARN_INT_CONVERSION = YES;
				CLANG_WARN_NON_LITERAL_NULL_CONVERSION = YES;
				CLANG_WARN_OBJC_IMPLICIT_RETAIN_SELF = YES;
				CLANG_WARN_OBJC_LITERAL_CONVERSION = YES;
				CLANG_WARN_OBJC_ROOT_CLASS = YES_ERROR;
				CLANG_WARN_RANGE_LOOP_ANALYSIS = YES;
				CLANG_WARN_STRICT_PROTOTYPES = YES;
				CLANG_WARN_SUSPICIOUS_MOVE = YES;
				CLANG_WARN_UNGUARDED_AVAILABILITY = YES_AGGRESSIVE;
				CLANG_WARN_UNREACHABLE_CODE = YES;
				CLANG_WARN__DUPLICATE_METHOD_MATCH = YES;
				COPY_PHASE_STRIP = NO;
				DEBUG_INFORMATION_FORMAT = dwarf;
				ENABLE_STRICT_OBJC_MSGSEND = YES;
				ENABLE_TESTABILITY = YES;
				GCC_C_LANGUAGE_STANDARD = gnu11;
				GCC_DYNAMIC_NO_PIC = NO;
				GCC_NO_COMMON_BLOCKS = YES;
				GCC_OPTIMIZATION_LEVEL = 0;
				GCC_PREPROCESSOR_DEFINITIONS = (
					"DEBUG=1",
					"$(inherited)",
				);
				GCC_WARN_64_TO_32_BIT_CONVERSION = YES;
				GCC_WARN_ABOUT_RETURN_TYPE = YES_ERROR;
				GCC_WARN_UNDECLARED_SELECTOR = YES;
				GCC_WARN_UNINITIALIZED_AUTOS = YES_AGGRESSIVE;
				GCC_WARN_UNUSED_FUNCTION = YES;
				GCC_WARN_UNUSED_VARIABLE = YES;
				IPHONEOS_DEPLOYMENT_TARGET = 13.4;
				MTL_ENABLE_DEBUG_INFO = INCLUDE_SOURCE;
				MTL_FAST_MATH = YES;
				ONLY_ACTIVE_ARCH = YES;
				SDKROOT = iphoneos;
				SWIFT_ACTIVE_COMPILATION_CONDITIONS = DEBUG;
				SWIFT_OPTIMIZATION_LEVEL = "-Onone";
			};
			name = Debug;
		};
		02BA4A8A2471817700EF331C /* Release */ = {
			isa = XCBuildConfiguration;
			buildSettings = {
				ALWAYS_SEARCH_USER_PATHS = NO;
				CLANG_ANALYZER_NONNULL = YES;
				CLANG_ANALYZER_NUMBER_OBJECT_CONVERSION = YES_AGGRESSIVE;
				CLANG_CXX_LANGUAGE_STANDARD = "gnu++14";
				CLANG_CXX_LIBRARY = "libc++";
				CLANG_ENABLE_MODULES = YES;
				CLANG_ENABLE_OBJC_ARC = YES;
				CLANG_ENABLE_OBJC_WEAK = YES;
				CLANG_WARN_BLOCK_CAPTURE_AUTORELEASING = YES;
				CLANG_WARN_BOOL_CONVERSION = YES;
				CLANG_WARN_COMMA = YES;
				CLANG_WARN_CONSTANT_CONVERSION = YES;
				CLANG_WARN_DEPRECATED_OBJC_IMPLEMENTATIONS = YES;
				CLANG_WARN_DIRECT_OBJC_ISA_USAGE = YES_ERROR;
				CLANG_WARN_DOCUMENTATION_COMMENTS = YES;
				CLANG_WARN_EMPTY_BODY = YES;
				CLANG_WARN_ENUM_CONVERSION = YES;
				CLANG_WARN_INFINITE_RECURSION = YES;
				CLANG_WARN_INT_CONVERSION = YES;
				CLANG_WARN_NON_LITERAL_NULL_CONVERSION = YES;
				CLANG_WARN_OBJC_IMPLICIT_RETAIN_SELF = YES;
				CLANG_WARN_OBJC_LITERAL_CONVERSION = YES;
				CLANG_WARN_OBJC_ROOT_CLASS = YES_ERROR;
				CLANG_WARN_RANGE_LOOP_ANALYSIS = YES;
				CLANG_WARN_STRICT_PROTOTYPES = YES;
				CLANG_WARN_SUSPICIOUS_MOVE = YES;
				CLANG_WARN_UNGUARDED_AVAILABILITY = YES_AGGRESSIVE;
				CLANG_WARN_UNREACHABLE_CODE = YES;
				CLANG_WARN__DUPLICATE_METHOD_MATCH = YES;
				COPY_PHASE_STRIP = NO;
				DEBUG_INFORMATION_FORMAT = "dwarf-with-dsym";
				ENABLE_NS_ASSERTIONS = NO;
				ENABLE_STRICT_OBJC_MSGSEND = YES;
				GCC_C_LANGUAGE_STANDARD = gnu11;
				GCC_NO_COMMON_BLOCKS = YES;
				GCC_WARN_64_TO_32_BIT_CONVERSION = YES;
				GCC_WARN_ABOUT_RETURN_TYPE = YES_ERROR;
				GCC_WARN_UNDECLARED_SELECTOR = YES;
				GCC_WARN_UNINITIALIZED_AUTOS = YES_AGGRESSIVE;
				GCC_WARN_UNUSED_FUNCTION = YES;
				GCC_WARN_UNUSED_VARIABLE = YES;
				IPHONEOS_DEPLOYMENT_TARGET = 13.4;
				MTL_ENABLE_DEBUG_INFO = NO;
				MTL_FAST_MATH = YES;
				SDKROOT = iphoneos;
				SWIFT_COMPILATION_MODE = wholemodule;
				SWIFT_OPTIMIZATION_LEVEL = "-O";
				VALIDATE_PRODUCT = YES;
			};
			name = Release;
		};
		02BA4A8C2471817700EF331C /* Debug */ = {
			isa = XCBuildConfiguration;
			buildSettings = {
				ASSETCATALOG_COMPILER_APPICON_NAME = AppIcon;
				CODE_SIGN_STYLE = Automatic;
				DEVELOPMENT_TEAM = AZCR3Q785H;
				INFOPLIST_FILE = SudokuSolver/Info.plist;
				LD_RUNPATH_SEARCH_PATHS = (
					"$(inherited)",
					"@executable_path/Frameworks",
				);
				PRODUCT_BUNDLE_IDENTIFIER = dev.paulcote.SudokuSolver;
				PRODUCT_NAME = "$(TARGET_NAME)";
				SWIFT_VERSION = 5.0;
				TARGETED_DEVICE_FAMILY = "1,2";
			};
			name = Debug;
		};
		02BA4A8D2471817700EF331C /* Release */ = {
			isa = XCBuildConfiguration;
			buildSettings = {
				ASSETCATALOG_COMPILER_APPICON_NAME = AppIcon;
				CODE_SIGN_STYLE = Automatic;
				DEVELOPMENT_TEAM = AZCR3Q785H;
				INFOPLIST_FILE = SudokuSolver/Info.plist;
				LD_RUNPATH_SEARCH_PATHS = (
					"$(inherited)",
					"@executable_path/Frameworks",
				);
				PRODUCT_BUNDLE_IDENTIFIER = dev.paulcote.SudokuSolver;
				PRODUCT_NAME = "$(TARGET_NAME)";
				SWIFT_VERSION = 5.0;
				TARGETED_DEVICE_FAMILY = "1,2";
			};
			name = Release;
		};
		02BA4A8F2471817700EF331C /* Debug */ = {
			isa = XCBuildConfiguration;
			buildSettings = {
				ALWAYS_EMBED_SWIFT_STANDARD_LIBRARIES = YES;
				BUNDLE_LOADER = "$(TEST_HOST)";
				CODE_SIGN_STYLE = Automatic;
				INFOPLIST_FILE = SudokuSolverTests/Info.plist;
				IPHONEOS_DEPLOYMENT_TARGET = 13.4;
				LD_RUNPATH_SEARCH_PATHS = (
					"$(inherited)",
					"@executable_path/Frameworks",
					"@loader_path/Frameworks",
				);
				PRODUCT_BUNDLE_IDENTIFIER = dev.paulcote.SudokuSolverTests;
				PRODUCT_NAME = "$(TARGET_NAME)";
				SWIFT_VERSION = 5.0;
				TARGETED_DEVICE_FAMILY = "1,2";
				TEST_HOST = "$(BUILT_PRODUCTS_DIR)/SudokuSolver.app/SudokuSolver";
			};
			name = Debug;
		};
		02BA4A902471817700EF331C /* Release */ = {
			isa = XCBuildConfiguration;
			buildSettings = {
				ALWAYS_EMBED_SWIFT_STANDARD_LIBRARIES = YES;
				BUNDLE_LOADER = "$(TEST_HOST)";
				CODE_SIGN_STYLE = Automatic;
				INFOPLIST_FILE = SudokuSolverTests/Info.plist;
				IPHONEOS_DEPLOYMENT_TARGET = 13.4;
				LD_RUNPATH_SEARCH_PATHS = (
					"$(inherited)",
					"@executable_path/Frameworks",
					"@loader_path/Frameworks",
				);
				PRODUCT_BUNDLE_IDENTIFIER = dev.paulcote.SudokuSolverTests;
				PRODUCT_NAME = "$(TARGET_NAME)";
				SWIFT_VERSION = 5.0;
				TARGETED_DEVICE_FAMILY = "1,2";
				TEST_HOST = "$(BUILT_PRODUCTS_DIR)/SudokuSolver.app/SudokuSolver";
			};
			name = Release;
		};
		02BA4A922471817700EF331C /* Debug */ = {
			isa = XCBuildConfiguration;
			buildSettings = {
				ALWAYS_EMBED_SWIFT_STANDARD_LIBRARIES = YES;
				CODE_SIGN_STYLE = Automatic;
				INFOPLIST_FILE = SudokuSolverUITests/Info.plist;
				LD_RUNPATH_SEARCH_PATHS = (
					"$(inherited)",
					"@executable_path/Frameworks",
					"@loader_path/Frameworks",
				);
				PRODUCT_BUNDLE_IDENTIFIER = dev.paulcote.SudokuSolverUITests;
				PRODUCT_NAME = "$(TARGET_NAME)";
				SWIFT_VERSION = 5.0;
				TARGETED_DEVICE_FAMILY = "1,2";
				TEST_TARGET_NAME = SudokuSolver;
			};
			name = Debug;
		};
		02BA4A932471817700EF331C /* Release */ = {
			isa = XCBuildConfiguration;
			buildSettings = {
				ALWAYS_EMBED_SWIFT_STANDARD_LIBRARIES = YES;
				CODE_SIGN_STYLE = Automatic;
				INFOPLIST_FILE = SudokuSolverUITests/Info.plist;
				LD_RUNPATH_SEARCH_PATHS = (
					"$(inherited)",
					"@executable_path/Frameworks",
					"@loader_path/Frameworks",
				);
				PRODUCT_BUNDLE_IDENTIFIER = dev.paulcote.SudokuSolverUITests;
				PRODUCT_NAME = "$(TARGET_NAME)";
				SWIFT_VERSION = 5.0;
				TARGETED_DEVICE_FAMILY = "1,2";
				TEST_TARGET_NAME = SudokuSolver;
			};
			name = Release;
		};
/* End XCBuildConfiguration section */

/* Begin XCConfigurationList section */
		02BA4A5C2471817600EF331C /* Build configuration list for PBXProject "SudokuSolver" */ = {
			isa = XCConfigurationList;
			buildConfigurations = (
				02BA4A892471817700EF331C /* Debug */,
				02BA4A8A2471817700EF331C /* Release */,
			);
			defaultConfigurationIsVisible = 0;
			defaultConfigurationName = Release;
		};
		02BA4A8B2471817700EF331C /* Build configuration list for PBXNativeTarget "SudokuSolver" */ = {
			isa = XCConfigurationList;
			buildConfigurations = (
				02BA4A8C2471817700EF331C /* Debug */,
				02BA4A8D2471817700EF331C /* Release */,
			);
			defaultConfigurationIsVisible = 0;
			defaultConfigurationName = Release;
		};
		02BA4A8E2471817700EF331C /* Build configuration list for PBXNativeTarget "SudokuSolverTests" */ = {
			isa = XCConfigurationList;
			buildConfigurations = (
				02BA4A8F2471817700EF331C /* Debug */,
				02BA4A902471817700EF331C /* Release */,
			);
			defaultConfigurationIsVisible = 0;
			defaultConfigurationName = Release;
		};
		02BA4A912471817700EF331C /* Build configuration list for PBXNativeTarget "SudokuSolverUITests" */ = {
			isa = XCConfigurationList;
			buildConfigurations = (
				02BA4A922471817700EF331C /* Debug */,
				02BA4A932471817700EF331C /* Release */,
			);
			defaultConfigurationIsVisible = 0;
			defaultConfigurationName = Release;
		};
/* End XCConfigurationList section */
	};
	rootObject = 02BA4A592471817600EF331C /* Project object */;
}
